#MicroXplorer Configuration settings - do not modify
Mcu.Family=STM32H7
NVIC.USART3_IRQn=true\:0\:0\:false\:false\:true\:true\:true
RCC.DIVQ2Freq_Value=129000000
ProjectManager.MainLocation=Core/Src
PD12.GPIO_Label=Trace5
PC7.GPIOParameters=GPIO_PuPd,GPIO_Label
RCC.SAI1Freq_Value=75000000
USART2.IPParameters=VirtualMode-Asynchronous
RCC.CortexFreq_Value=75000000
ProjectManager.KeepUserCode=true
Mcu.UserName=STM32H743IITx
PB10.Mode=Asynchronous
PH0-OSC_IN\ (PH0).Signal=RCC_OSC_IN
PC7.Locked=true
RCC.PLLFRACN=3072
ProjectManager.functionlistsort=1-MX_GPIO_Init-GPIO-false-HAL-true,2-SystemClock_Config-RCC-false-HAL-false,3-MX_USART1_UART_Init-USART1-false-HAL-true,4-MX_USART2_UART_Init-USART2-false-HAL-true,5-MX_USART3_UART_Init-USART3-false-HAL-true,0-MX_CORTEX_M7_Init-CORTEX_M7-false-HAL-true
RCC.RTCFreq_Value=32000
PC9.Locked=true
RCC.CpuClockFreq_Value=75000000
RCC.VCO2OutputFreq_Value=258000000
USART1.IPParameters=VirtualMode-Asynchronous
PB11.Signal=USART3_RX
PB15.Signal=GPIO_Input
PinOutPanel.RotationAngle=0
RCC.MCO1PinFreq_Value=64000000
RCC.SYSCLKSource=RCC_SYSCLKSOURCE_PLLCLK
ProjectManager.StackSize=0x400
RCC.AHB4Freq_Value=75000000
RCC.VCOInput3Freq_Value=2000000
USART3.VirtualMode-Asynchronous=VM_ASYNC
RCC.LPTIM1Freq_Value=37500000
Mcu.IP4=USART1
Mcu.IP5=USART2
PD11.GPIO_PuPd=GPIO_PULLDOWN
NVIC.SVCall_IRQn=true\:0\:0\:false\:false\:true\:false\:false
Mcu.IP2=RCC
Mcu.IP3=SYS
Mcu.IP0=CORTEX_M7
Mcu.IP1=NVIC
USART3.BaudRate=19200
Mcu.UserConstants=
RCC.DIVP3Freq_Value=129000000
RCC.SDMMCFreq_Value=75000000
Mcu.ThirdPartyNb=0
PD11.GPIO_Label=Trace4
RCC.HCLKFreq_Value=75000000
RCC.I2C4Freq_Value=37500000
Mcu.IPNb=7
ProjectManager.PreviousToolchain=
RCC.SPDIFRXFreq_Value=75000000
PC7.Signal=GPIO_Input
RCC.DIVQ3Freq_Value=129000000
Mcu.Pin6=PB10
Mcu.Pin7=PB11
Mcu.Pin8=PB15
Mcu.Pin9=PD11
Mcu.Pin0=PH0-OSC_IN (PH0)
Mcu.Pin1=PH1-OSC_OUT (PH1)
GPIO.groupedBy=
Mcu.Pin2=PA2
RCC.HRTIMFreq_Value=75000000
Mcu.Pin3=PA3
Mcu.Pin4=PB0
Mcu.Pin5=PB1
ProjectManager.ProjectBuild=false
PH1-OSC_OUT\ (PH1).Mode=HSE-External-Oscillator
RCC.DIVR3Freq_Value=129000000
NVIC.UsageFault_IRQn=true\:0\:0\:false\:false\:true\:false\:false
NVIC.DebugMonitor_IRQn=true\:0\:0\:false\:false\:true\:false\:false
USART2.VirtualMode-Asynchronous=VM_ASYNC
RCC.DIVM1=4
NVIC.SysTick_IRQn=true\:0\:0\:false\:false\:true\:false\:true
ProjectManager.FirmwarePackage=STM32Cube FW_H7 V1.8.0
MxDb.Version=DB.6.0.10
RCC.DIVP1Freq_Value=75000000
ProjectManager.BackupPrevious=false
RCC.FMCFreq_Value=75000000
RCC.USART16Freq_Value=37500000
File.Version=6
NVIC.PendSV_IRQn=true\:0\:0\:false\:false\:true\:false\:false
RCC.DIVR2Freq_Value=129000000
ProjectManager.HalAssertFull=false
PB0.Locked=true
RCC.DIVP2Freq_Value=129000000
ProjectManager.ProjectName=MyMoterTest
RCC.APB3Freq_Value=37500000
RCC.MCO2PinFreq_Value=75000000
Mcu.Package=LQFP176
PB1.Signal=GPIO_Output
PD11.Locked=true
RCC.D1PPRE=RCC_APB3_DIV2
PB15.GPIO_PuPd=GPIO_PULLDOWN
PD12.Signal=GPIO_Input
ProjectManager.ToolChainLocation=
VP_SYS_VS_Systick.Signal=SYS_VS_Systick
USART3.IPParameters=VirtualMode-Asynchronous,BaudRate
PA10.Signal=USART1_RX
RCC.DFSDMFreq_Value=37500000
RCC.DIVR1Freq_Value=75000000
RCC.TraceFreq_Value=64000000
RCC.APB4Freq_Value=37500000
RCC.CECFreq_Value=32000
RCC.SAI23Freq_Value=75000000
NVIC.BusFault_IRQn=true\:0\:0\:false\:false\:true\:false\:false
RCC.LPUART1Freq_Value=37500000
PH0-OSC_IN\ (PH0).Mode=HSE-External-Oscillator
ProjectManager.CustomerFirmwarePackage=
RCC.Tim2OutputFreq_Value=75000000
RCC.DFSDMACLkFreq_Value=75000000
PB15.Locked=true
RCC.VCO3OutputFreq_Value=258000000
PA3.Signal=USART2_RX
ProjectManager.ProjectFileName=MyMoterTest.ioc
PA10.Mode=Asynchronous
Mcu.PinsNb=16
PC9.GPIO_Label=Trace3
ProjectManager.NoMain=false
RCC.SWPMI1Freq_Value=37500000
RCC.SAI4BFreq_Value=75000000
RCC.D2PPRE2=RCC_APB2_DIV2
RCC.D2PPRE1=RCC_APB1_DIV2
ProjectManager.DefaultFWLocation=true
ProjectManager.DeletePrevious=true
RCC.QSPIFreq_Value=75000000
RCC.FamilyName=M
PH1-OSC_OUT\ (PH1).Signal=RCC_OSC_OUT
PD12.Locked=true
RCC.SPI6Freq_Value=37500000
RCC.D1CPREFreq_Value=75000000
USART1.VirtualMode-Asynchronous=VM_ASYNC
PA3.Mode=Asynchronous
RCC.USART234578Freq_Value=37500000
PA9.Mode=Asynchronous
RCC.SPI45Freq_Value=37500000
RCC.Tim1OutputFreq_Value=75000000
RCC.SPI123Freq_Value=75000000
PB11.Mode=Asynchronous
PD12.GPIOParameters=GPIO_PuPd,GPIO_Label
ProjectManager.TargetToolchain=MDK-ARM V5
RCC.VCO1OutputFreq_Value=150000000
PA9.Signal=USART1_TX
RCC.AXIClockFreq_Value=75000000
RCC.DIVN1=9
ProjectManager.RegisterCallBack=
RCC.USBFreq_Value=75000000
PC7.GPIO_PuPd=GPIO_PULLDOWN
RCC.CKPERFreq_Value=64000000
PB1.Locked=true
PB10.Signal=USART3_TX
board=custom
ProjectManager.LastFirmware=true
PD11.GPIOParameters=GPIO_PuPd,GPIO_Label
RCC.VCOInput1Freq_Value=16000000
RCC.AHB12Freq_Value=75000000
RCC.APB2Freq_Value=37500000
MxCube.Version=6.1.2
PB15.GPIO_Label=Trace1
RCC.FDCANFreq_Value=75000000
RCC.RNGFreq_Value=48000000
RCC.ADCFreq_Value=129000000
VP_SYS_VS_Systick.Mode=SysTick
PC9.GPIO_PuPd=GPIO_PULLDOWN
PA9.Locked=true
NVIC.NonMaskableInt_IRQn=true\:0\:0\:false\:false\:true\:false\:false
PB15.GPIOParameters=GPIO_PuPd,GPIO_Label
ProjectManager.FreePins=false
RCC.IPParameters=ADCFreq_Value,AHB12Freq_Value,AHB4Freq_Value,APB1Freq_Value,APB2Freq_Value,APB3Freq_Value,APB4Freq_Value,AXIClockFreq_Value,CECFreq_Value,CKPERFreq_Value,CortexFreq_Value,CpuClockFreq_Value,D1CPREFreq_Value,D1PPRE,D2PPRE1,D2PPRE2,D3PPRE,DFSDMACLkFreq_Value,DFSDMFreq_Value,DIVM1,DIVN1,DIVP1Freq_Value,DIVP2Freq_Value,DIVP3Freq_Value,DIVQ1Freq_Value,DIVQ2Freq_Value,DIVQ3Freq_Value,DIVR1Freq_Value,DIVR2Freq_Value,DIVR3Freq_Value,FDCANFreq_Value,FMCFreq_Value,FamilyName,HCLK3ClockFreq_Value,HCLKFreq_Value,HRTIMFreq_Value,I2C123Freq_Value,I2C4Freq_Value,LPTIM1Freq_Value,LPTIM2Freq_Value,LPTIM345Freq_Value,LPUART1Freq_Value,LTDCFreq_Value,MCO1PinFreq_Value,MCO2PinFreq_Value,PLLFRACN,QSPIFreq_Value,RNGFreq_Value,RTCFreq_Value,SAI1Freq_Value,SAI23Freq_Value,SAI4AFreq_Value,SAI4BFreq_Value,SDMMCFreq_Value,SPDIFRXFreq_Value,SPI123Freq_Value,SPI45Freq_Value,SPI6Freq_Value,SWPMI1Freq_Value,SYSCLKFreq_VALUE,SYSCLKSource,Tim1OutputFreq_Value,Tim2OutputFreq_Value,TraceFreq_Value,USART16Freq_Value,USART234578Freq_Value,USBFreq_Value,VCO1OutputFreq_Value,VCO2OutputFreq_Value,VCO3OutputFreq_Value,VCOInput1Freq_Value,VCOInput2Freq_Value,VCOInput3Freq_Value
PC9.GPIOParameters=GPIO_PuPd,GPIO_Label
ProjectManager.AskForMigrate=true
Mcu.Name=STM32H743IITx
RCC.LPTIM2Freq_Value=37500000
PA2.Signal=USART2_TX
ProjectManager.UnderRoot=false
PC7.GPIO_Label=Trace2
Mcu.IP6=USART3
ProjectManager.CoupleFile=true
RCC.SYSCLKFreq_VALUE=75000000
RCC.I2C123Freq_Value=37500000
PA10.Locked=true
NVIC.ForceEnableDMAVector=true
KeepUserPlacement=false
PD11.Signal=GPIO_Input
NVIC.MemoryManagement_IRQn=true\:0\:0\:false\:false\:true\:false\:false
ProjectManager.CompilerOptimize=6
ProjectManager.HeapSize=0x200
Mcu.Pin15=VP_SYS_VS_Systick
NVIC.HardFault_IRQn=true\:0\:0\:false\:false\:true\:false\:false
Mcu.Pin13=PA9
Mcu.Pin14=PA10
RCC.LPTIM345Freq_Value=37500000
ProjectManager.ComputerToolchain=false
RCC.LTDCFreq_Value=129000000
RCC.SAI4AFreq_Value=75000000
NVIC.PriorityGroup=NVIC_PRIORITYGROUP_4
Mcu.Pin11=PC7
Mcu.Pin12=PC9
Mcu.Pin10=PD12
RCC.DIVQ1Freq_Value=75000000
PA2.Mode=Asynchronous
RCC.D3PPRE=RCC_APB4_DIV2
PC9.Signal=GPIO_Input
RCC.HCLK3ClockFreq_Value=75000000
RCC.VCOInput2Freq_Value=2000000
RCC.APB1Freq_Value=37500000
PB0.Signal=GPIO_Output
ProjectManager.DeviceId=STM32H743IITx
ProjectManager.LibraryCopy=1
PD12.GPIO_PuPd=GPIO_PULLDOWN
